
Microsoft Visual Studio Solution File, Format Version 12.00
# Visual Studio Version 17
VisualStudioVersion = 17.14.36429.23
MinimumVisualStudioVersion = 10.0.40219.1
Project("{2150E333-8FDC-42A3-9474-1A3956D46DE8}") = "000 PrimeraAplicacion", "000 PrimeraAplicacion", "{02EA681E-C7D8-13C7-8484-4AC65E1B71E8}"
EndProject
Project("{2150E333-8FDC-42A3-9474-1A3956D46DE8}") = "00 FirstApplication", "00 FirstApplication", "{9D6AF64F-F1AB-4E4C-B52D-6D6D46234F60}"
EndProject
Project("{FAE04EC0-301F-11D3-BF4B-00C04F79EFBC}") = "_00_FirstApplication", "000 PrimeraAplicacion\00 FirstApplication\_00_FirstApplication\_00_FirstApplication.csproj", "{285EA859-EECD-9B2B-FFDC-8D1AB84E8579}"
EndProject
Project("{2150E333-8FDC-42A3-9474-1A3956D46DE8}") = "01 Operators", "01 Operators", "{A4B87833-DC94-416F-A124-F91771D54C39}"
EndProject
Project("{FAE04EC0-301F-11D3-BF4B-00C04F79EFBC}") = "_01_Operators", "000 PrimeraAplicacion\01 Operators\_01_Operators\_01_Operators.csproj", "{C8842915-815A-E836-435F-B4D5CCC30F02}"
EndProject
Project("{2150E333-8FDC-42A3-9474-1A3956D46DE8}") = "02 DeclarationsAndConversions", "02 DeclarationsAndConversions", "{FEE15D54-4F99-4A3A-80E4-1F561FDB5F6D}"
EndProject
Project("{FAE04EC0-301F-11D3-BF4B-00C04F79EFBC}") = "_02_DeclarationsAndConversions", "000 PrimeraAplicacion\02 DeclarationsAndConversions\_02_DeclarationsAndConversions\_02_DeclarationsAndConversions.csproj", "{7631AC0B-117D-7DCC-BBD9-3EA9D21804F1}"
EndProject
Project("{2150E333-8FDC-42A3-9474-1A3956D46DE8}") = "001 Methods", "001 Methods", "{3219F3E8-C6D2-4B49-A938-43F69696B4CF}"
EndProject
Project("{2150E333-8FDC-42A3-9474-1A3956D46DE8}") = "00 Methods", "00 Methods", "{07076019-4A9C-42D9-AF8A-2028F6E94305}"
EndProject
Project("{FAE04EC0-301F-11D3-BF4B-00C04F79EFBC}") = "_00_Methods", "001 Methods\00 Methods\_00_Methods\_00_Methods.csproj", "{7AAF64A8-84E0-1412-1BA3-2DC626B2E35C}"
EndProject
Project("{2150E333-8FDC-42A3-9474-1A3956D46DE8}") = "002 Exceptions", "002 Exceptions", "{B743385F-76C9-4BB0-8E92-E824896FF573}"
EndProject
Project("{2150E333-8FDC-42A3-9474-1A3956D46DE8}") = "00 Exceptions", "00 Exceptions", "{863A69C6-550A-4E84-8E1C-C4E485FD891B}"
EndProject
Project("{FAE04EC0-301F-11D3-BF4B-00C04F79EFBC}") = "_00_Exceptions", "002 Exceptions\00 Exceptions\_00_Exceptions\_00_Exceptions.csproj", "{36B60021-B11A-4975-5613-0EA20D9E5040}"
EndProject
Project("{2150E333-8FDC-42A3-9474-1A3956D46DE8}") = "01 UsoChecked", "01 UsoChecked", "{7144B5E8-48E1-4AB0-89DE-A49A6ED2F539}"
EndProject
Project("{FAE04EC0-301F-11D3-BF4B-00C04F79EFBC}") = "_01_UsoChecked", "002 Exceptions\01 UsoChecked\_01_UsoChecked\_01_UsoChecked.csproj", "{5294E6C8-3AE9-D2CA-FC89-F7AAC690C0BE}"
EndProject
Project("{2150E333-8FDC-42A3-9474-1A3956D46DE8}") = "02 LanzamientoExcepciones", "02 LanzamientoExcepciones", "{39C61639-FF1D-4659-88F0-DB05F33A7F44}"
EndProject
Project("{FAE04EC0-301F-11D3-BF4B-00C04F79EFBC}") = "_02_LanzamientoExcepciones", "002 Exceptions\02 LanzamientoExcepciones\_02_LanzamientoExcepciones\_02_LanzamientoExcepciones.csproj", "{6ABA7573-39F5-15A3-AF48-3B936B0D54C7}"
EndProject
Project("{2150E333-8FDC-42A3-9474-1A3956D46DE8}") = "03 EjemploFinally", "03 EjemploFinally", "{5872CB7B-D9FE-4BEF-A7F5-8050C5FC4DEF}"
EndProject
Project("{FAE04EC0-301F-11D3-BF4B-00C04F79EFBC}") = "_03_EjemploFinally", "002 Exceptions\03 EjemploFinally\_03_EjemploFinally\_03_EjemploFinally.csproj", "{DC8AD52E-7B3C-2C10-565D-D76EDA512C20}"
EndProject
Project("{2150E333-8FDC-42A3-9474-1A3956D46DE8}") = "003 POO", "003 POO", "{719A521D-B925-4D70-8601-A4EC2A799A53}"
EndProject
Project("{2150E333-8FDC-42A3-9474-1A3956D46DE8}") = "00 ClassAndInstance", "00 ClassAndInstance", "{8A5151DD-4509-4955-8369-196C93F80A6D}"
EndProject
Project("{FAE04EC0-301F-11D3-BF4B-00C04F79EFBC}") = "_00_ClassAndInstance", "003 POO\00 ClassAndInstance\_00_ClassAndInstance\_00_ClassAndInstance.csproj", "{1EA87FA4-AF4D-23C8-675D-F09402BD339D}"
EndProject
Project("{2150E333-8FDC-42A3-9474-1A3956D46DE8}") = "01 EncapsulationAndConventions", "01 EncapsulationAndConventions", "{D0C51409-5D55-43A0-9F87-0DBBF4EBCBB5}"
EndProject
Project("{FAE04EC0-301F-11D3-BF4B-00C04F79EFBC}") = "_01_EncapsulationAndConventions", "003 POO\01 EncapsulationAndConventions\_01_EncapsulationAndConventions\_01_EncapsulationAndConventions.csproj", "{C9BA8932-BACB-1171-7255-58DD7CF4A193}"
EndProject
Project("{2150E333-8FDC-42A3-9474-1A3956D46DE8}") = "02 Constructors", "02 Constructors", "{3B702A46-B5C2-481E-AA6B-530813A68DD9}"
EndProject
Project("{FAE04EC0-301F-11D3-BF4B-00C04F79EFBC}") = "UsoCoches", "003 POO\02 Constructors\UsoCoches\UsoCoches.csproj", "{CFA0B305-4327-1EEA-F6E0-215B8676B99F}"
EndProject
Project("{2150E333-8FDC-42A3-9474-1A3956D46DE8}") = "03 GettersSettersThisAndPartial", "03 GettersSettersThisAndPartial", "{479CDDF0-C8AD-47C0-9DF7-C92348DE2E59}"
EndProject
Project("{FAE04EC0-301F-11D3-BF4B-00C04F79EFBC}") = "UsoCoches", "003 POO\03 GettersSettersThisAndPartial\UsoCoches\UsoCoches.csproj", "{F3487617-B9B3-5B07-1DAD-82256B132B04}"
EndProject
Project("{2150E333-8FDC-42A3-9474-1A3956D46DE8}") = "04 VisualStudioAndPOO", "04 VisualStudioAndPOO", "{D725B89A-1402-4BAE-B6A5-5C899975E046}"
EndProject
Project("{FAE04EC0-301F-11D3-BF4B-00C04F79EFBC}") = "ConceptosPOO", "003 POO\04 VisualStudioAndPOO\ConceptosPOO\ConceptosPOO.csproj", "{817CA217-D1D5-4A99-9B98-15EDD847A161}"
EndProject
Global
	GlobalSection(SolutionConfigurationPlatforms) = preSolution
		Debug|Any CPU = Debug|Any CPU
		Release|Any CPU = Release|Any CPU
	EndGlobalSection
	GlobalSection(ProjectConfigurationPlatforms) = postSolution
		{285EA859-EECD-9B2B-FFDC-8D1AB84E8579}.Debug|Any CPU.ActiveCfg = Debug|Any CPU
		{285EA859-EECD-9B2B-FFDC-8D1AB84E8579}.Debug|Any CPU.Build.0 = Debug|Any CPU
		{285EA859-EECD-9B2B-FFDC-8D1AB84E8579}.Release|Any CPU.ActiveCfg = Release|Any CPU
		{285EA859-EECD-9B2B-FFDC-8D1AB84E8579}.Release|Any CPU.Build.0 = Release|Any CPU
		{C8842915-815A-E836-435F-B4D5CCC30F02}.Debug|Any CPU.ActiveCfg = Debug|Any CPU
		{C8842915-815A-E836-435F-B4D5CCC30F02}.Debug|Any CPU.Build.0 = Debug|Any CPU
		{C8842915-815A-E836-435F-B4D5CCC30F02}.Release|Any CPU.ActiveCfg = Release|Any CPU
		{C8842915-815A-E836-435F-B4D5CCC30F02}.Release|Any CPU.Build.0 = Release|Any CPU
		{7631AC0B-117D-7DCC-BBD9-3EA9D21804F1}.Debug|Any CPU.ActiveCfg = Debug|Any CPU
		{7631AC0B-117D-7DCC-BBD9-3EA9D21804F1}.Debug|Any CPU.Build.0 = Debug|Any CPU
		{7631AC0B-117D-7DCC-BBD9-3EA9D21804F1}.Release|Any CPU.ActiveCfg = Release|Any CPU
		{7631AC0B-117D-7DCC-BBD9-3EA9D21804F1}.Release|Any CPU.Build.0 = Release|Any CPU
		{7AAF64A8-84E0-1412-1BA3-2DC626B2E35C}.Debug|Any CPU.ActiveCfg = Debug|Any CPU
		{7AAF64A8-84E0-1412-1BA3-2DC626B2E35C}.Debug|Any CPU.Build.0 = Debug|Any CPU
		{7AAF64A8-84E0-1412-1BA3-2DC626B2E35C}.Release|Any CPU.ActiveCfg = Release|Any CPU
		{7AAF64A8-84E0-1412-1BA3-2DC626B2E35C}.Release|Any CPU.Build.0 = Release|Any CPU
		{36B60021-B11A-4975-5613-0EA20D9E5040}.Debug|Any CPU.ActiveCfg = Debug|Any CPU
		{36B60021-B11A-4975-5613-0EA20D9E5040}.Debug|Any CPU.Build.0 = Debug|Any CPU
		{36B60021-B11A-4975-5613-0EA20D9E5040}.Release|Any CPU.ActiveCfg = Release|Any CPU
		{36B60021-B11A-4975-5613-0EA20D9E5040}.Release|Any CPU.Build.0 = Release|Any CPU
		{5294E6C8-3AE9-D2CA-FC89-F7AAC690C0BE}.Debug|Any CPU.ActiveCfg = Debug|Any CPU
		{5294E6C8-3AE9-D2CA-FC89-F7AAC690C0BE}.Debug|Any CPU.Build.0 = Debug|Any CPU
		{5294E6C8-3AE9-D2CA-FC89-F7AAC690C0BE}.Release|Any CPU.ActiveCfg = Release|Any CPU
		{5294E6C8-3AE9-D2CA-FC89-F7AAC690C0BE}.Release|Any CPU.Build.0 = Release|Any CPU
		{6ABA7573-39F5-15A3-AF48-3B936B0D54C7}.Debug|Any CPU.ActiveCfg = Debug|Any CPU
		{6ABA7573-39F5-15A3-AF48-3B936B0D54C7}.Debug|Any CPU.Build.0 = Debug|Any CPU
		{6ABA7573-39F5-15A3-AF48-3B936B0D54C7}.Release|Any CPU.ActiveCfg = Release|Any CPU
		{6ABA7573-39F5-15A3-AF48-3B936B0D54C7}.Release|Any CPU.Build.0 = Release|Any CPU
		{DC8AD52E-7B3C-2C10-565D-D76EDA512C20}.Debug|Any CPU.ActiveCfg = Debug|Any CPU
		{DC8AD52E-7B3C-2C10-565D-D76EDA512C20}.Debug|Any CPU.Build.0 = Debug|Any CPU
		{DC8AD52E-7B3C-2C10-565D-D76EDA512C20}.Release|Any CPU.ActiveCfg = Release|Any CPU
		{DC8AD52E-7B3C-2C10-565D-D76EDA512C20}.Release|Any CPU.Build.0 = Release|Any CPU
		{1EA87FA4-AF4D-23C8-675D-F09402BD339D}.Debug|Any CPU.ActiveCfg = Debug|Any CPU
		{1EA87FA4-AF4D-23C8-675D-F09402BD339D}.Debug|Any CPU.Build.0 = Debug|Any CPU
		{1EA87FA4-AF4D-23C8-675D-F09402BD339D}.Release|Any CPU.ActiveCfg = Release|Any CPU
		{1EA87FA4-AF4D-23C8-675D-F09402BD339D}.Release|Any CPU.Build.0 = Release|Any CPU
		{C9BA8932-BACB-1171-7255-58DD7CF4A193}.Debug|Any CPU.ActiveCfg = Debug|Any CPU
		{C9BA8932-BACB-1171-7255-58DD7CF4A193}.Debug|Any CPU.Build.0 = Debug|Any CPU
		{C9BA8932-BACB-1171-7255-58DD7CF4A193}.Release|Any CPU.ActiveCfg = Release|Any CPU
		{C9BA8932-BACB-1171-7255-58DD7CF4A193}.Release|Any CPU.Build.0 = Release|Any CPU
		{CFA0B305-4327-1EEA-F6E0-215B8676B99F}.Debug|Any CPU.ActiveCfg = Debug|Any CPU
		{CFA0B305-4327-1EEA-F6E0-215B8676B99F}.Debug|Any CPU.Build.0 = Debug|Any CPU
		{CFA0B305-4327-1EEA-F6E0-215B8676B99F}.Release|Any CPU.ActiveCfg = Release|Any CPU
		{CFA0B305-4327-1EEA-F6E0-215B8676B99F}.Release|Any CPU.Build.0 = Release|Any CPU
		{F3487617-B9B3-5B07-1DAD-82256B132B04}.Debug|Any CPU.ActiveCfg = Debug|Any CPU
		{F3487617-B9B3-5B07-1DAD-82256B132B04}.Debug|Any CPU.Build.0 = Debug|Any CPU
		{F3487617-B9B3-5B07-1DAD-82256B132B04}.Release|Any CPU.ActiveCfg = Release|Any CPU
		{F3487617-B9B3-5B07-1DAD-82256B132B04}.Release|Any CPU.Build.0 = Release|Any CPU
		{817CA217-D1D5-4A99-9B98-15EDD847A161}.Debug|Any CPU.ActiveCfg = Debug|Any CPU
		{817CA217-D1D5-4A99-9B98-15EDD847A161}.Debug|Any CPU.Build.0 = Debug|Any CPU
		{817CA217-D1D5-4A99-9B98-15EDD847A161}.Release|Any CPU.ActiveCfg = Release|Any CPU
		{817CA217-D1D5-4A99-9B98-15EDD847A161}.Release|Any CPU.Build.0 = Release|Any CPU
	EndGlobalSection
	GlobalSection(SolutionProperties) = preSolution
		HideSolutionNode = FALSE
	EndGlobalSection
	GlobalSection(NestedProjects) = preSolution
		{9D6AF64F-F1AB-4E4C-B52D-6D6D46234F60} = {02EA681E-C7D8-13C7-8484-4AC65E1B71E8}
		{285EA859-EECD-9B2B-FFDC-8D1AB84E8579} = {9D6AF64F-F1AB-4E4C-B52D-6D6D46234F60}
		{A4B87833-DC94-416F-A124-F91771D54C39} = {02EA681E-C7D8-13C7-8484-4AC65E1B71E8}
		{C8842915-815A-E836-435F-B4D5CCC30F02} = {A4B87833-DC94-416F-A124-F91771D54C39}
		{FEE15D54-4F99-4A3A-80E4-1F561FDB5F6D} = {02EA681E-C7D8-13C7-8484-4AC65E1B71E8}
		{7631AC0B-117D-7DCC-BBD9-3EA9D21804F1} = {FEE15D54-4F99-4A3A-80E4-1F561FDB5F6D}
		{07076019-4A9C-42D9-AF8A-2028F6E94305} = {3219F3E8-C6D2-4B49-A938-43F69696B4CF}
		{7AAF64A8-84E0-1412-1BA3-2DC626B2E35C} = {07076019-4A9C-42D9-AF8A-2028F6E94305}
		{863A69C6-550A-4E84-8E1C-C4E485FD891B} = {B743385F-76C9-4BB0-8E92-E824896FF573}
		{36B60021-B11A-4975-5613-0EA20D9E5040} = {863A69C6-550A-4E84-8E1C-C4E485FD891B}
		{7144B5E8-48E1-4AB0-89DE-A49A6ED2F539} = {B743385F-76C9-4BB0-8E92-E824896FF573}
		{5294E6C8-3AE9-D2CA-FC89-F7AAC690C0BE} = {7144B5E8-48E1-4AB0-89DE-A49A6ED2F539}
		{39C61639-FF1D-4659-88F0-DB05F33A7F44} = {B743385F-76C9-4BB0-8E92-E824896FF573}
		{6ABA7573-39F5-15A3-AF48-3B936B0D54C7} = {39C61639-FF1D-4659-88F0-DB05F33A7F44}
		{5872CB7B-D9FE-4BEF-A7F5-8050C5FC4DEF} = {B743385F-76C9-4BB0-8E92-E824896FF573}
		{DC8AD52E-7B3C-2C10-565D-D76EDA512C20} = {5872CB7B-D9FE-4BEF-A7F5-8050C5FC4DEF}
		{8A5151DD-4509-4955-8369-196C93F80A6D} = {719A521D-B925-4D70-8601-A4EC2A799A53}
		{1EA87FA4-AF4D-23C8-675D-F09402BD339D} = {8A5151DD-4509-4955-8369-196C93F80A6D}
		{D0C51409-5D55-43A0-9F87-0DBBF4EBCBB5} = {719A521D-B925-4D70-8601-A4EC2A799A53}
		{C9BA8932-BACB-1171-7255-58DD7CF4A193} = {D0C51409-5D55-43A0-9F87-0DBBF4EBCBB5}
		{3B702A46-B5C2-481E-AA6B-530813A68DD9} = {719A521D-B925-4D70-8601-A4EC2A799A53}
		{CFA0B305-4327-1EEA-F6E0-215B8676B99F} = {3B702A46-B5C2-481E-AA6B-530813A68DD9}
		{479CDDF0-C8AD-47C0-9DF7-C92348DE2E59} = {719A521D-B925-4D70-8601-A4EC2A799A53}
		{F3487617-B9B3-5B07-1DAD-82256B132B04} = {479CDDF0-C8AD-47C0-9DF7-C92348DE2E59}
		{D725B89A-1402-4BAE-B6A5-5C899975E046} = {719A521D-B925-4D70-8601-A4EC2A799A53}
		{817CA217-D1D5-4A99-9B98-15EDD847A161} = {D725B89A-1402-4BAE-B6A5-5C899975E046}
	EndGlobalSection
	GlobalSection(ExtensibilityGlobals) = postSolution
		SolutionGuid = {DB17E159-C829-44C2-8B79-458F8F90EF70}
	EndGlobalSection
EndGlobal
