
Microsoft Visual Studio Solution File, Format Version 12.00
# Visual Studio Version 17
VisualStudioVersion = 17.11.35431.28
MinimumVisualStudioVersion = 10.0.40219.1
Project("{FAE04EC0-301F-11D3-BF4B-00C04F79EFBC}") = "_00_Exceptions", "_00_Exceptions\_00_Exceptions.csproj", "{975544B3-375D-4A42-85AA-C444F2460F25}"
EndProject
Project("{FAE04EC0-301F-11D3-BF4B-00C04F79EFBC}") = "_01_UsoChecked", "_01_UsoChecked\_01_UsoChecked.csproj", "{4406D04E-340F-4B26-9864-607192DF65D6}"
EndProject
Project("{FAE04EC0-301F-11D3-BF4B-00C04F79EFBC}") = "_02_LanzamientoExcepciones", "_02_LanzamientoExcepciones\_02_LanzamientoExcepciones.csproj", "{F6230570-9F37-40AD-8581-F99B78C8C9C9}"
EndProject
Project("{FAE04EC0-301F-11D3-BF4B-00C04F79EFBC}") = "_03_EjemploFinally", "_03_EjemploFinally\_03_EjemploFinally.csproj", "{DCCBDCEF-F413-45CD-BFBE-B88D68B77AC1}"
EndProject
Global
	GlobalSection(SolutionConfigurationPlatforms) = preSolution
		Debug|Any CPU = Debug|Any CPU
		Release|Any CPU = Release|Any CPU
	EndGlobalSection
	GlobalSection(ProjectConfigurationPlatforms) = postSolution
		{975544B3-375D-4A42-85AA-C444F2460F25}.Debug|Any CPU.ActiveCfg = Debug|Any CPU
		{975544B3-375D-4A42-85AA-C444F2460F25}.Debug|Any CPU.Build.0 = Debug|Any CPU
		{975544B3-375D-4A42-85AA-C444F2460F25}.Release|Any CPU.ActiveCfg = Release|Any CPU
		{975544B3-375D-4A42-85AA-C444F2460F25}.Release|Any CPU.Build.0 = Release|Any CPU
		{4406D04E-340F-4B26-9864-607192DF65D6}.Debug|Any CPU.ActiveCfg = Debug|Any CPU
		{4406D04E-340F-4B26-9864-607192DF65D6}.Debug|Any CPU.Build.0 = Debug|Any CPU
		{4406D04E-340F-4B26-9864-607192DF65D6}.Release|Any CPU.ActiveCfg = Release|Any CPU
		{4406D04E-340F-4B26-9864-607192DF65D6}.Release|Any CPU.Build.0 = Release|Any CPU
		{F6230570-9F37-40AD-8581-F99B78C8C9C9}.Debug|Any CPU.ActiveCfg = Debug|Any CPU
		{F6230570-9F37-40AD-8581-F99B78C8C9C9}.Debug|Any CPU.Build.0 = Debug|Any CPU
		{F6230570-9F37-40AD-8581-F99B78C8C9C9}.Release|Any CPU.ActiveCfg = Release|Any CPU
		{F6230570-9F37-40AD-8581-F99B78C8C9C9}.Release|Any CPU.Build.0 = Release|Any CPU
		{DCCBDCEF-F413-45CD-BFBE-B88D68B77AC1}.Debug|Any CPU.ActiveCfg = Debug|Any CPU
		{DCCBDCEF-F413-45CD-BFBE-B88D68B77AC1}.Debug|Any CPU.Build.0 = Debug|Any CPU
		{DCCBDCEF-F413-45CD-BFBE-B88D68B77AC1}.Release|Any CPU.ActiveCfg = Release|Any CPU
		{DCCBDCEF-F413-45CD-BFBE-B88D68B77AC1}.Release|Any CPU.Build.0 = Release|Any CPU
	EndGlobalSection
	GlobalSection(SolutionProperties) = preSolution
		HideSolutionNode = FALSE
	EndGlobalSection
	GlobalSection(ExtensibilityGlobals) = postSolution
		SolutionGuid = {28760284-B8A2-4F19-AE6E-FE548A1C14BD}
	EndGlobalSection
EndGlobal
